
Microsoft Visual Studio Solution File, Format Version 12.00
# Visual Studio Version 16
VisualStudioVersion = 16.0.31424.327
MinimumVisualStudioVersion = 10.0.40219.1
Project("{FAE04EC0-301F-11D3-BF4B-00C04F79EFBC}") = "BgCitiesScraper", "BgCitiesScraper\BgCitiesScraper.csproj", "{F1698BE7-819E-42BF-B1D6-119DF2629DD7}"
EndProject
Global
	GlobalSection(SolutionConfigurationPlatforms) = preSolution
		Debug|Any CPU = Debug|Any CPU
		Release|Any CPU = Release|Any CPU
	EndGlobalSection
	GlobalSection(ProjectConfigurationPlatforms) = postSolution
		{F1698BE7-819E-42BF-B1D6-119DF2629DD7}.Debug|Any CPU.ActiveCfg = Debug|Any CPU
		{F1698BE7-819E-42BF-B1D6-119DF2629DD7}.Debug|Any CPU.Build.0 = Debug|Any CPU
		{F1698BE7-819E-42BF-B1D6-119DF2629DD7}.Release|Any CPU.ActiveCfg = Release|Any CPU
		{F1698BE7-819E-42BF-B1D6-119DF2629DD7}.Release|Any CPU.Build.0 = Release|Any CPU
	EndGlobalSection
	GlobalSection(SolutionProperties) = preSolution
		HideSolutionNode = FALSE
	EndGlobalSection
	GlobalSection(ExtensibilityGlobals) = postSolution
		SolutionGuid = {E7ACD734-B08A-4A43-A0E9-76BC78D09A13}
	EndGlobalSection
EndGlobal
